<?xml version="1.0" encoding="utf-8"?>
<Project ToolsVersion="4.0" xmlns="http://schemas.microsoft.com/developer/msbuild/2003">
  <ItemGroup>
    <Filter Include="Source Files">
      <UniqueIdentifier>{4FC737F1-C7A5-4376-A066-2A32D752A2FF}</UniqueIdentifier>
      <Extensions>cpp;c;cc;cxx;c++;cppm;ixx;def;odl;idl;hpj;bat;asm;asmx</Extensions>
    </Filter>
    <Filter Include="Header Files">
      <UniqueIdentifier>{93995380-89BD-4b04-88EB-625FBE52EBFB}</UniqueIdentifier>
      <Extensions>h;hh;hpp;hxx;h++;hm;inl;inc;ipp;xsd</Extensions>
    </Filter>
    <Filter Include="Resource Files">
      <UniqueIdentifier>{67DA6AB6-F800-4c08-8B7A-83BB121AAD01}</UniqueIdentifier>
      <Extensions>rc;ico;cur;bmp;dlg;rc2;rct;bin;rgs;gif;jpg;jpeg;jpe;resx;tiff;tif;png;wav;mfcribbon-ms</Extensions>
    </Filter>
    <Filter Include="Inline Files">
      <UniqueIdentifier>{c59ad252-f7bf-4e07-8317-38d14eed6d05}</UniqueIdentifier>
    </Filter>
    <Filter Include="Wrapper Files">
      <UniqueIdentifier>{d286bf56-8f36-4ab9-97db-89cf93a2902d}</UniqueIdentifier>
    </Filter>
    <Filter Include="Temp FIles">
      <UniqueIdentifier>{be7a2f65-0a61-45db-adf1-b5454a620128}</UniqueIdentifier>
    </Filter>
    <Filter Include="Header Files\System">
      <UniqueIdentifier>{006ca097-648d-448c-9529-24d59819c7cf}</UniqueIdentifier>
    </Filter>
    <Filter Include="Header Files\Graphics">
      <UniqueIdentifier>{8260d492-cc2b-435b-90ad-986f6cd54f08}</UniqueIdentifier>
    </Filter>
    <Filter Include="Header Files\Window">
      <UniqueIdentifier>{994eb9c2-6109-4110-91a4-56e65669e85d}</UniqueIdentifier>
    </Filter>
    <Filter Include="Inline Files\System">
      <UniqueIdentifier>{f080727a-ea31-4156-ab15-0640cc5fa8d6}</UniqueIdentifier>
    </Filter>
    <Filter Include="Inline Files\Graphics">
      <UniqueIdentifier>{97e2f90b-f86e-49f2-b38b-4c9ae5666d39}</UniqueIdentifier>
    </Filter>
    <Filter Include="Inline Files\Window">
      <UniqueIdentifier>{52385aa6-589f-47f5-9742-740d5f110f3b}</UniqueIdentifier>
    </Filter>
    <Filter Include="Source Files\Window">
      <UniqueIdentifier>{820c71d0-f0e4-40cf-89a4-600c8de2855f}</UniqueIdentifier>
    </Filter>
    <Filter Include="Source Files\Graphics">
      <UniqueIdentifier>{c141383d-476e-438d-96cd-452d232d7f5d}</UniqueIdentifier>
    </Filter>
  </ItemGroup>
  <ItemGroup>
    <ClInclude Include="Game.hpp">
      <Filter>Header Files</Filter>
    </ClInclude>
    <ClInclude Include="Scene.hpp">
      <Filter>Header Files</Filter>
    </ClInclude>
    <ClInclude Include="Utils.hpp">
      <Filter>Header Files</Filter>
    </ClInclude>
    <ClInclude Include="Sprites.hpp">
      <Filter>Header Files</Filter>
    </ClInclude>
    <ClInclude Include="SampleKeyEventHandler.hpp">
      <Filter>Header Files</Filter>
    </ClInclude>
    <ClInclude Include="Portal.hpp">
      <Filter>Header Files</Filter>
    </ClInclude>
    <ClInclude Include="PlayScene.hpp">
      <Filter>Header Files</Filter>
    </ClInclude>
    <ClInclude Include="Platform.hpp">
      <Filter>Header Files</Filter>
    </ClInclude>
    <ClInclude Include="Mario.hpp">
      <Filter>Header Files</Filter>
    </ClInclude>
    <ClInclude Include="KeyEventHandler.hpp">
      <Filter>Header Files</Filter>
    </ClInclude>
    <ClInclude Include="Goomba.hpp">
      <Filter>Header Files</Filter>
    </ClInclude>
    <ClInclude Include="debug.hpp">
      <Filter>Header Files</Filter>
    </ClInclude>
    <ClInclude Include="Coin.hpp">
      <Filter>Header Files</Filter>
    </ClInclude>
    <ClInclude Include="Brick.hpp">
      <Filter>Header Files</Filter>
    </ClInclude>
    <ClInclude Include="AssetIDs.hpp">
      <Filter>Header Files</Filter>
    </ClInclude>
    <ClInclude Include="resource.h">
      <Filter>Header Files</Filter>
    </ClInclude>
    <ClInclude Include="DxResource.hpp">
      <Filter>Header Files</Filter>
    </ClInclude>
    <ClInclude Include="Drawable.hpp">
      <Filter>Header Files</Filter>
    </ClInclude>
    <ClInclude Include="GameObject.hpp">
      <Filter>Header Files</Filter>
    </ClInclude>
    <ClInclude Include="Animation.hpp">
      <Filter>Header Files</Filter>
    </ClInclude>
    <ClInclude Include="GameEngine.hpp">
      <Filter>Header Files</Filter>
    </ClInclude>
    <ClInclude Include="Movable.hpp">
      <Filter>Header Files</Filter>
    </ClInclude>
    <ClInclude Include="Fallable.hpp">
      <Filter>Header Files</Filter>
    </ClInclude>
    <ClInclude Include="Collidable.hpp">
      <Filter>Header Files</Filter>
    </ClInclude>
    <ClInclude Include="Angle.hpp">
      <Filter>Header Files\System</Filter>
    </ClInclude>
    <ClInclude Include="Angle2.hpp">
      <Filter>Header Files\System</Filter>
    </ClInclude>
    <ClInclude Include="Angle3.hpp">
      <Filter>Header Files\System</Filter>
    </ClInclude>
    <ClInclude Include="Rect3.hpp">
      <Filter>Header Files\System</Filter>
    </ClInclude>
    <ClInclude Include="Rect2.hpp">
      <Filter>Header Files\System</Filter>
    </ClInclude>
    <ClInclude Include="Vector2.hpp">
      <Filter>Header Files\System</Filter>
    </ClInclude>
    <ClInclude Include="Transform.hpp">
      <Filter>Header Files\Graphics</Filter>
    </ClInclude>
    <ClInclude Include="Transformable.hpp">
      <Filter>Header Files\Graphics</Filter>
    </ClInclude>
    <ClInclude Include="View.hpp">
      <Filter>Header Files\Graphics</Filter>
    </ClInclude>
    <ClInclude Include="Sprite.hpp">
      <Filter>Header Files\Graphics</Filter>
    </ClInclude>
    <ClInclude Include="Clock.hpp">
      <Filter>Header Files\System</Filter>
    </ClInclude>
    <ClInclude Include="Rotation3.hpp">
      <Filter>Header Files\System</Filter>
    </ClInclude>
    <ClInclude Include="Rotation2.hpp">
      <Filter>Header Files\System</Filter>
    </ClInclude>
    <ClInclude Include="Scalation2.hpp">
      <Filter>Header Files\System</Filter>
    </ClInclude>
    <ClInclude Include="Scalation3.hpp">
      <Filter>Header Files\System</Filter>
    </ClInclude>
    <ClInclude Include="Time.hpp">
      <Filter>Header Files\System</Filter>
    </ClInclude>
    <ClInclude Include="Animation.hpp">
      <Filter>Header Files\Graphics</Filter>
    </ClInclude>
    <ClInclude Include="AnimationFrame.hpp">
      <Filter>Header Files\Graphics</Filter>
    </ClInclude>
    <ClInclude Include="Keyboard.hpp">
      <Filter>Header Files\Window</Filter>
    </ClInclude>
    <ClInclude Include="InputBase.hpp">
      <Filter>Header Files\Window</Filter>
    </ClInclude>
    <ClInclude Include="Window.hpp">
      <Filter>Header Files\Window</Filter>
    </ClInclude>
    <ClInclude Include="WindowSettings.hpp">
      <Filter>Header Files\Window</Filter>
    </ClInclude>
    <ClInclude Include="tstring.hpp">
      <Filter>Header Files\System</Filter>
    </ClInclude>
    <ClInclude Include="tchar.hpp">
      <Filter>Header Files\System</Filter>
    </ClInclude>
    <ClInclude Include="tstream.hpp">
      <Filter>Header Files\System</Filter>
    </ClInclude>
    <ClInclude Include="Texture.hpp">
      <Filter>Header Files\Graphics</Filter>
    </ClInclude>
    <ClInclude Include="TextureHolder.hpp">
      <Filter>Header Files\Graphics</Filter>
    </ClInclude>
    <ClInclude Include="RenderTarget.hpp">
      <Filter>Header Files\Graphics</Filter>
    </ClInclude>
    <ClInclude Include="RenderWindow.hpp">
      <Filter>Header Files\Graphics</Filter>
    </ClInclude>
  </ItemGroup>
  <ItemGroup>
    <ClCompile Include="Utils.cpp">
      <Filter>Source Files</Filter>
    </ClCompile>
    <ClCompile Include="main.cpp">
      <Filter>Source Files</Filter>
    </ClCompile>
    <ClCompile Include="debug.cpp">
      <Filter>Source Files</Filter>
    </ClCompile>
    <ClCompile Include="GameEngine.cpp">
      <Filter>Source Files</Filter>
    </ClCompile>
    <ClCompile Include="Vector3.hpp">
      <Filter>Header Files\System</Filter>
    </ClCompile>
    <ClCompile Include="Window.cpp">
      <Filter>Source Files\Window</Filter>
    </ClCompile>
    <ClCompile Include="RenderTarget.cpp">
      <Filter>Source Files\Graphics</Filter>
    </ClCompile>
    <ClCompile Include="Sprite.cpp">
      <Filter>Source Files\Graphics</Filter>
    </ClCompile>
    <ClCompile Include="Keyboard.cpp">
      <Filter>Source Files\Window</Filter>
    </ClCompile>
    <ClCompile Include="Texture.cpp">
      <Filter>Source Files\Graphics</Filter>
    </ClCompile>
  </ItemGroup>
  <ItemGroup>
    <None Include="packages.config" />
    <None Include="stdfloat">
      <Filter>Wrapper Files</Filter>
    </None>
    <None Include="Game.cpp">
      <Filter>Temp FIles</Filter>
    </None>
    <None Include="Portal.cpp">
      <Filter>Temp FIles</Filter>
    </None>
    <None Include="GameObject.cc">
      <Filter>Temp FIles</Filter>
    </None>
    <None Include="Platform.cpp">
      <Filter>Temp FIles</Filter>
    </None>
    <None Include="PlayScene.cpp">
      <Filter>Temp FIles</Filter>
    </None>
    <None Include="Goomba.cpp">
      <Filter>Temp FIles</Filter>
    </None>
    <None Include="Mario.cpp">
      <Filter>Temp FIles</Filter>
    </None>
    <None Include="SampleKeyEventHandler.cpp">
      <Filter>Temp FIles</Filter>
    </None>
    <None Include="Animation.cpp">
      <Filter>Temp FIles</Filter>
    </None>
    <None Include="Animations.cpp">
      <Filter>Temp FIles</Filter>
    </None>
    <None Include="Brick.cpp">
      <Filter>Temp FIles</Filter>
    </None>
    <None Include="Coin.cpp">
      <Filter>Temp FIles</Filter>
    </None>
    <None Include="Sprites.cpp">
      <Filter>Temp FIles</Filter>
    </None>
    <None Include="GameObject.inl">
      <Filter>Inline Files</Filter>
    </None>
    <None Include="GameEngine.inl">
      <Filter>Inline Files</Filter>
    </None>
    <None Include="Movable.inl">
      <Filter>Inline Files</Filter>
    </None>
    <None Include="Fallable.inl">
      <Filter>Inline Files</Filter>
    </None>
    <None Include="Collidable.inl">
      <Filter>Inline Files</Filter>
    </None>
    <None Include="GameObject.h">
      <Filter>Temp FIles</Filter>
    </None>
    <None Include="Collision.cpp">
      <Filter>Temp FIles</Filter>
    </None>
    <None Include="Collision.hpp">
      <Filter>Temp FIles</Filter>
    </None>
    <None Include="InputBase.inl">
      <Filter>Inline Files</Filter>
    </None>
    <None Include="Keyboard.inl">
      <Filter>Inline Files</Filter>
    </None>
    <None Include="Angle.inl">
      <Filter>Inline Files\System</Filter>
    </None>
    <None Include="Angle2.inl">
      <Filter>Inline Files\System</Filter>
    </None>
    <None Include="Angle3.inl">
      <Filter>Inline Files\System</Filter>
    </None>
    <None Include="Clock.inl">
      <Filter>Inline Files\System</Filter>
    </None>
    <None Include="Time.inl">
      <Filter>Inline Files\System</Filter>
    </None>
    <None Include="Animation.inl">
      <Filter>Inline Files\Graphics</Filter>
    </None>
    <None Include="AnimationFrame.inl">
      <Filter>Inline Files\Graphics</Filter>
    </None>
    <None Include="Transformable.inl">
      <Filter>Inline Files\Graphics</Filter>
    </None>
    <None Include="Transform.inl">
      <Filter>Inline Files\Graphics</Filter>
    </None>
    <None Include="TextureHolder.inl">
      <Filter>Inline Files\Graphics</Filter>
    </None>
    <None Include="Texture.inl">
      <Filter>Inline Files\Graphics</Filter>
    </None>
    <None Include="Sprite.inl">
      <Filter>Inline Files\Graphics</Filter>
    </None>
    <None Include="RenderWindow.inl">
      <Filter>Inline Files\Graphics</Filter>
    </None>
    <None Include="RenderTarget.inl">
      <Filter>Inline Files\Graphics</Filter>
    </None>
    <None Include="Window.inl">
      <Filter>Inline Files\Window</Filter>
    </None>
    <None Include="View.inl">
      <Filter>Inline Files\Graphics</Filter>
    </None>
    <None Include="Vector3.inl">
      <Filter>Inline Files\System</Filter>
    </None>
    <None Include="Rect2.inl">
      <Filter>Inline Files\System</Filter>
    </None>
    <None Include="Rect3.inl">
      <Filter>Inline Files\System</Filter>
    </None>
    <None Include="Rotation2.inl">
      <Filter>Inline Files\System</Filter>
    </None>
    <None Include="Rotation3.inl">
      <Filter>Inline Files\System</Filter>
    </None>
    <None Include="Scalation2.inl">
      <Filter>Inline Files\System</Filter>
    </None>
    <None Include="Scalation3.inl">
      <Filter>Inline Files\System</Filter>
    </None>
    <None Include="Vector2.inl">
      <Filter>Inline Files\System</Filter>
    </None>
  </ItemGroup>
  <ItemGroup>
    <ResourceCompile Include="GameProject.rc">
      <Filter>Resource Files</Filter>
    </ResourceCompile>
  </ItemGroup>
</Project>